
Microsoft Visual Studio Solution File, Format Version 12.00
# Visual Studio Version 16
VisualStudioVersion = 16.0.30907.101
MinimumVisualStudioVersion = 10.0.40219.1
Project("{FAE04EC0-301F-11D3-BF4B-00C04F79EFBC}") = "BikeRentalSystem", "BikeRentalSystem\BikeRentalSystem.csproj", "{ACC779C6-51CE-4A1C-A3C6-E3552AAA4F08}"
EndProject
Global
	GlobalSection(SolutionConfigurationPlatforms) = preSolution
		Debug|Any CPU = Debug|Any CPU
		Release|Any CPU = Release|Any CPU
	EndGlobalSection
	GlobalSection(ProjectConfigurationPlatforms) = postSolution
		{ACC779C6-51CE-4A1C-A3C6-E3552AAA4F08}.Debug|Any CPU.ActiveCfg = Debug|Any CPU
		{ACC779C6-51CE-4A1C-A3C6-E3552AAA4F08}.Debug|Any CPU.Build.0 = Debug|Any CPU
		{ACC779C6-51CE-4A1C-A3C6-E3552AAA4F08}.Release|Any CPU.ActiveCfg = Release|Any CPU
		{ACC779C6-51CE-4A1C-A3C6-E3552AAA4F08}.Release|Any CPU.Build.0 = Release|Any CPU
	EndGlobalSection
	GlobalSection(SolutionProperties) = preSolution
		HideSolutionNode = FALSE
	EndGlobalSection
	GlobalSection(ExtensibilityGlobals) = postSolution
		SolutionGuid = {D7A17E01-A3A7-407D-A8DD-4893334D1C26}
	EndGlobalSection
EndGlobal
